
Microsoft Visual Studio Solution File, Format Version 12.00
# Visual Studio Version 16
VisualStudioVersion = 16.0.29424.173
MinimumVisualStudioVersion = 10.0.40219.1
Project("{FAE04EC0-301F-11D3-BF4B-00C04F79EFBC}") = "tarea_zodiaco", "tarea_zodiaco\tarea_zodiaco.csproj", "{13B196D4-0C7D-4BC1-81C2-EB40E766CDEB}"
EndProject
Global
	GlobalSection(SolutionConfigurationPlatforms) = preSolution
		Debug|Any CPU = Debug|Any CPU
		Release|Any CPU = Release|Any CPU
	EndGlobalSection
	GlobalSection(ProjectConfigurationPlatforms) = postSolution
		{13B196D4-0C7D-4BC1-81C2-EB40E766CDEB}.Debug|Any CPU.ActiveCfg = Debug|Any CPU
		{13B196D4-0C7D-4BC1-81C2-EB40E766CDEB}.Debug|Any CPU.Build.0 = Debug|Any CPU
		{13B196D4-0C7D-4BC1-81C2-EB40E766CDEB}.Release|Any CPU.ActiveCfg = Release|Any CPU
		{13B196D4-0C7D-4BC1-81C2-EB40E766CDEB}.Release|Any CPU.Build.0 = Release|Any CPU
	EndGlobalSection
	GlobalSection(SolutionProperties) = preSolution
		HideSolutionNode = FALSE
	EndGlobalSection
	GlobalSection(ExtensibilityGlobals) = postSolution
		SolutionGuid = {6565F533-ABF1-4E53-B40A-63C197389D02}
	EndGlobalSection
EndGlobal
